
Microsoft Visual Studio Solution File, Format Version 12.00
# Visual Studio Version 17
VisualStudioVersion = 17.1.32421.90
MinimumVisualStudioVersion = 10.0.40219.1
Project("{FAE04EC0-301F-11D3-BF4B-00C04F79EFBC}") = "FinanceManagerApi", "FinanceManagerApi\FinanceManagerApi.csproj", "{59B8BC37-E3AE-435E-B96E-D9FF25742D69}"
EndProject
Global
	GlobalSection(SolutionConfigurationPlatforms) = preSolution
		Debug|Any CPU = Debug|Any CPU
		Release|Any CPU = Release|Any CPU
	EndGlobalSection
	GlobalSection(ProjectConfigurationPlatforms) = postSolution
		{59B8BC37-E3AE-435E-B96E-D9FF25742D69}.Debug|Any CPU.ActiveCfg = Debug|Any CPU
		{59B8BC37-E3AE-435E-B96E-D9FF25742D69}.Debug|Any CPU.Build.0 = Debug|Any CPU
		{59B8BC37-E3AE-435E-B96E-D9FF25742D69}.Release|Any CPU.ActiveCfg = Release|Any CPU
		{59B8BC37-E3AE-435E-B96E-D9FF25742D69}.Release|Any CPU.Build.0 = Release|Any CPU
	EndGlobalSection
	GlobalSection(SolutionProperties) = preSolution
		HideSolutionNode = FALSE
	EndGlobalSection
	GlobalSection(ExtensibilityGlobals) = postSolution
		SolutionGuid = {57CC0FBA-0E6D-4C7E-B364-768C3D6D6700}
	EndGlobalSection
EndGlobal
